
Microsoft Visual Studio Solution File, Format Version 12.00
# Blend for Visual Studio Version 16
VisualStudioVersion = 16.0.30225.117
MinimumVisualStudioVersion = 10.0.40219.1
Project("{FAE04EC0-301F-11D3-BF4B-00C04F79EFBC}") = "wnmp", "wnmp.csproj", "{2864091A-A670-4349-B4FC-D385BB84CCD7}"
EndProject
Global
	GlobalSection(SolutionConfigurationPlatforms) = preSolution
		Debug|Any CPU = Debug|Any CPU
		Release|Any CPU = Release|Any CPU
	EndGlobalSection
	GlobalSection(ProjectConfigurationPlatforms) = postSolution
		{2864091A-A670-4349-B4FC-D385BB84CCD7}.Debug|Any CPU.ActiveCfg = Debug|Any CPU
		{2864091A-A670-4349-B4FC-D385BB84CCD7}.Debug|Any CPU.Build.0 = Debug|Any CPU
		{2864091A-A670-4349-B4FC-D385BB84CCD7}.Release|Any CPU.ActiveCfg = Release|Any CPU
		{2864091A-A670-4349-B4FC-D385BB84CCD7}.Release|Any CPU.Build.0 = Release|Any CPU
	EndGlobalSection
	GlobalSection(SolutionProperties) = preSolution
		HideSolutionNode = FALSE
	EndGlobalSection
	GlobalSection(ExtensibilityGlobals) = postSolution
		SolutionGuid = {B6B0840F-4235-4DB0-8D09-791D39FDA6D0}
	EndGlobalSection
EndGlobal
